
Microsoft Visual Studio Solution File, Format Version 12.00
# Visual Studio Version 17
VisualStudioVersion = 17.0.31903.59
MinimumVisualStudioVersion = 10.0.40219.1
Project("{2150E333-8FDC-42A3-9474-1A3956D46DE8}") = "Services", "Services", "{3CFDAEFF-0BFF-47B9-9D65-59523477DBAF}"
EndProject
Project("{2150E333-8FDC-42A3-9474-1A3956D46DE8}") = "Catalog", "Catalog", "{A07E5961-7524-40D1-9BBB-FE3A40F5132C}"
EndProject
Project("{FAE04EC0-301F-11D3-BF4B-00C04F79EFBC}") = "Catalog.API", "Services\Catalog\Catalog.API\Catalog.API.csproj", "{38D40085-49F1-46FF-93FD-551625BD3245}"
EndProject
Project("{FAE04EC0-301F-11D3-BF4B-00C04F79EFBC}") = "Catalog.Core", "Services\Catalog\Catalog.Core\Catalog.Core.csproj", "{3407822F-AC4F-41A1-8D21-DADB17A1B75D}"
EndProject
Project("{FAE04EC0-301F-11D3-BF4B-00C04F79EFBC}") = "Catalog.Application", "Services\Catalog\Catalgo.Application\Catalog.Application.csproj", "{1FE847B7-90F9-4A7D-A4D2-1D3E60154ED0}"
EndProject
Project("{FAE04EC0-301F-11D3-BF4B-00C04F79EFBC}") = "Catalog.Infrastructure", "Services\Catalog\Catalog.Infrastructure\Catalog.Infrastructure.csproj", "{B39DECCF-ECF8-4521-884C-0A03F527CB7C}"
EndProject
Project("{2150E333-8FDC-42A3-9474-1A3956D46DE8}") = "Basket", "Basket", "{9130F03A-828C-454A-B72F-44F55869988B}"
EndProject
Project("{FAE04EC0-301F-11D3-BF4B-00C04F79EFBC}") = "Basket.API", "Services\Basket\Basket.API\Basket.API.csproj", "{C7DCDA40-79CB-4D69-A705-675728D3C869}"
EndProject
Project("{FAE04EC0-301F-11D3-BF4B-00C04F79EFBC}") = "Basket.Core", "Services\Basket\Basket.Core\Basket.Core.csproj", "{357F945C-AD48-4C45-9A4F-345A0CDA125B}"
EndProject
Project("{FAE04EC0-301F-11D3-BF4B-00C04F79EFBC}") = "Basket.Application", "Services\Basket\Basket.Application\Basket.Application.csproj", "{89C870A2-BD43-48A5-9227-A71A1080FCC3}"
EndProject
Project("{FAE04EC0-301F-11D3-BF4B-00C04F79EFBC}") = "Basket.Infrastructure", "Services\Basket\Basket.Infrastructure\Basket.Infrastructure.csproj", "{AB95285D-7EC2-4EDC-BCE5-C52D7A247B6B}"
EndProject
Project("{2150E333-8FDC-42A3-9474-1A3956D46DE8}") = "Discount", "Discount", "{9F1045AA-0A31-4884-B108-AB23ADE08E41}"
EndProject
Project("{FAE04EC0-301F-11D3-BF4B-00C04F79EFBC}") = "Discount.API", "Services\Discount\Discount.API\Discount.API.csproj", "{D89F0B35-1D3C-4D07-A2D5-F7DD4CF5A467}"
EndProject
Project("{FAE04EC0-301F-11D3-BF4B-00C04F79EFBC}") = "Discount.Application", "Services\Discount\Discount.Application\Discount.Application.csproj", "{2717FD24-0F1A-44CE-9041-F3EC2DAB0029}"
EndProject
Project("{FAE04EC0-301F-11D3-BF4B-00C04F79EFBC}") = "Discount.Core", "Services\Discount\Discount.Core\Discount.Core.csproj", "{B9558D00-1147-4FC4-9A4A-920918DEA8F6}"
EndProject
Project("{FAE04EC0-301F-11D3-BF4B-00C04F79EFBC}") = "Discount.Infrastructure", "Services\Discount\Discount.Infrastructure\Discount.Infrastructure.csproj", "{1E24734C-8CBD-4D15-B337-7008F85E1295}"
EndProject
Project("{2150E333-8FDC-42A3-9474-1A3956D46DE8}") = "Ordering", "Ordering", "{66BD9EE8-D41D-4D7D-9B0C-F9B41C367D8C}"
EndProject
Project("{FAE04EC0-301F-11D3-BF4B-00C04F79EFBC}") = "Ordering.API", "Services\Ordering\Ordering.API\Ordering.API.csproj", "{4931E41C-4BDB-4468-A5E6-1B69CA8BE823}"
EndProject
Project("{FAE04EC0-301F-11D3-BF4B-00C04F79EFBC}") = "Ordering.Core", "Services\Ordering\Ordering.Core\Ordering.Core.csproj", "{8034D75B-3049-4426-8027-E3D54F32A262}"
EndProject
Project("{FAE04EC0-301F-11D3-BF4B-00C04F79EFBC}") = "Oredering.Application", "Services\Ordering\Oredering.Application\Oredering.Application.csproj", "{19E7420F-FAAC-4E94-B358-68E2C90B1AE2}"
EndProject
Project("{FAE04EC0-301F-11D3-BF4B-00C04F79EFBC}") = "Ordering.Infrastructure", "Services\Ordering\Ordering.Infrastructure\Ordering.Infrastructure.csproj", "{987FF019-AA54-4794-AE0E-1591070D0623}"
EndProject
Global
	GlobalSection(SolutionConfigurationPlatforms) = preSolution
		Debug|Any CPU = Debug|Any CPU
		Release|Any CPU = Release|Any CPU
	EndGlobalSection
	GlobalSection(ProjectConfigurationPlatforms) = postSolution
		{38D40085-49F1-46FF-93FD-551625BD3245}.Debug|Any CPU.ActiveCfg = Debug|Any CPU
		{38D40085-49F1-46FF-93FD-551625BD3245}.Debug|Any CPU.Build.0 = Debug|Any CPU
		{38D40085-49F1-46FF-93FD-551625BD3245}.Release|Any CPU.ActiveCfg = Release|Any CPU
		{38D40085-49F1-46FF-93FD-551625BD3245}.Release|Any CPU.Build.0 = Release|Any CPU
		{3407822F-AC4F-41A1-8D21-DADB17A1B75D}.Debug|Any CPU.ActiveCfg = Debug|Any CPU
		{3407822F-AC4F-41A1-8D21-DADB17A1B75D}.Debug|Any CPU.Build.0 = Debug|Any CPU
		{3407822F-AC4F-41A1-8D21-DADB17A1B75D}.Release|Any CPU.ActiveCfg = Release|Any CPU
		{3407822F-AC4F-41A1-8D21-DADB17A1B75D}.Release|Any CPU.Build.0 = Release|Any CPU
		{1FE847B7-90F9-4A7D-A4D2-1D3E60154ED0}.Debug|Any CPU.ActiveCfg = Debug|Any CPU
		{1FE847B7-90F9-4A7D-A4D2-1D3E60154ED0}.Debug|Any CPU.Build.0 = Debug|Any CPU
		{1FE847B7-90F9-4A7D-A4D2-1D3E60154ED0}.Release|Any CPU.ActiveCfg = Release|Any CPU
		{1FE847B7-90F9-4A7D-A4D2-1D3E60154ED0}.Release|Any CPU.Build.0 = Release|Any CPU
		{B39DECCF-ECF8-4521-884C-0A03F527CB7C}.Debug|Any CPU.ActiveCfg = Debug|Any CPU
		{B39DECCF-ECF8-4521-884C-0A03F527CB7C}.Debug|Any CPU.Build.0 = Debug|Any CPU
		{B39DECCF-ECF8-4521-884C-0A03F527CB7C}.Release|Any CPU.ActiveCfg = Release|Any CPU
		{B39DECCF-ECF8-4521-884C-0A03F527CB7C}.Release|Any CPU.Build.0 = Release|Any CPU
		{C7DCDA40-79CB-4D69-A705-675728D3C869}.Debug|Any CPU.ActiveCfg = Debug|Any CPU
		{C7DCDA40-79CB-4D69-A705-675728D3C869}.Debug|Any CPU.Build.0 = Debug|Any CPU
		{C7DCDA40-79CB-4D69-A705-675728D3C869}.Release|Any CPU.ActiveCfg = Release|Any CPU
		{C7DCDA40-79CB-4D69-A705-675728D3C869}.Release|Any CPU.Build.0 = Release|Any CPU
		{357F945C-AD48-4C45-9A4F-345A0CDA125B}.Debug|Any CPU.ActiveCfg = Debug|Any CPU
		{357F945C-AD48-4C45-9A4F-345A0CDA125B}.Debug|Any CPU.Build.0 = Debug|Any CPU
		{357F945C-AD48-4C45-9A4F-345A0CDA125B}.Release|Any CPU.ActiveCfg = Release|Any CPU
		{357F945C-AD48-4C45-9A4F-345A0CDA125B}.Release|Any CPU.Build.0 = Release|Any CPU
		{89C870A2-BD43-48A5-9227-A71A1080FCC3}.Debug|Any CPU.ActiveCfg = Debug|Any CPU
		{89C870A2-BD43-48A5-9227-A71A1080FCC3}.Debug|Any CPU.Build.0 = Debug|Any CPU
		{89C870A2-BD43-48A5-9227-A71A1080FCC3}.Release|Any CPU.ActiveCfg = Release|Any CPU
		{89C870A2-BD43-48A5-9227-A71A1080FCC3}.Release|Any CPU.Build.0 = Release|Any CPU
		{AB95285D-7EC2-4EDC-BCE5-C52D7A247B6B}.Debug|Any CPU.ActiveCfg = Debug|Any CPU
		{AB95285D-7EC2-4EDC-BCE5-C52D7A247B6B}.Debug|Any CPU.Build.0 = Debug|Any CPU
		{AB95285D-7EC2-4EDC-BCE5-C52D7A247B6B}.Release|Any CPU.ActiveCfg = Release|Any CPU
		{AB95285D-7EC2-4EDC-BCE5-C52D7A247B6B}.Release|Any CPU.Build.0 = Release|Any CPU
		{D89F0B35-1D3C-4D07-A2D5-F7DD4CF5A467}.Debug|Any CPU.ActiveCfg = Debug|Any CPU
		{D89F0B35-1D3C-4D07-A2D5-F7DD4CF5A467}.Debug|Any CPU.Build.0 = Debug|Any CPU
		{D89F0B35-1D3C-4D07-A2D5-F7DD4CF5A467}.Release|Any CPU.ActiveCfg = Release|Any CPU
		{D89F0B35-1D3C-4D07-A2D5-F7DD4CF5A467}.Release|Any CPU.Build.0 = Release|Any CPU
		{2717FD24-0F1A-44CE-9041-F3EC2DAB0029}.Debug|Any CPU.ActiveCfg = Debug|Any CPU
		{2717FD24-0F1A-44CE-9041-F3EC2DAB0029}.Debug|Any CPU.Build.0 = Debug|Any CPU
		{2717FD24-0F1A-44CE-9041-F3EC2DAB0029}.Release|Any CPU.ActiveCfg = Release|Any CPU
		{2717FD24-0F1A-44CE-9041-F3EC2DAB0029}.Release|Any CPU.Build.0 = Release|Any CPU
		{B9558D00-1147-4FC4-9A4A-920918DEA8F6}.Debug|Any CPU.ActiveCfg = Debug|Any CPU
		{B9558D00-1147-4FC4-9A4A-920918DEA8F6}.Debug|Any CPU.Build.0 = Debug|Any CPU
		{B9558D00-1147-4FC4-9A4A-920918DEA8F6}.Release|Any CPU.ActiveCfg = Release|Any CPU
		{B9558D00-1147-4FC4-9A4A-920918DEA8F6}.Release|Any CPU.Build.0 = Release|Any CPU
		{1E24734C-8CBD-4D15-B337-7008F85E1295}.Debug|Any CPU.ActiveCfg = Debug|Any CPU
		{1E24734C-8CBD-4D15-B337-7008F85E1295}.Debug|Any CPU.Build.0 = Debug|Any CPU
		{1E24734C-8CBD-4D15-B337-7008F85E1295}.Release|Any CPU.ActiveCfg = Release|Any CPU
		{1E24734C-8CBD-4D15-B337-7008F85E1295}.Release|Any CPU.Build.0 = Release|Any CPU
		{4931E41C-4BDB-4468-A5E6-1B69CA8BE823}.Debug|Any CPU.ActiveCfg = Debug|Any CPU
		{4931E41C-4BDB-4468-A5E6-1B69CA8BE823}.Debug|Any CPU.Build.0 = Debug|Any CPU
		{4931E41C-4BDB-4468-A5E6-1B69CA8BE823}.Release|Any CPU.ActiveCfg = Release|Any CPU
		{4931E41C-4BDB-4468-A5E6-1B69CA8BE823}.Release|Any CPU.Build.0 = Release|Any CPU
		{8034D75B-3049-4426-8027-E3D54F32A262}.Debug|Any CPU.ActiveCfg = Debug|Any CPU
		{8034D75B-3049-4426-8027-E3D54F32A262}.Debug|Any CPU.Build.0 = Debug|Any CPU
		{8034D75B-3049-4426-8027-E3D54F32A262}.Release|Any CPU.ActiveCfg = Release|Any CPU
		{8034D75B-3049-4426-8027-E3D54F32A262}.Release|Any CPU.Build.0 = Release|Any CPU
		{19E7420F-FAAC-4E94-B358-68E2C90B1AE2}.Debug|Any CPU.ActiveCfg = Debug|Any CPU
		{19E7420F-FAAC-4E94-B358-68E2C90B1AE2}.Debug|Any CPU.Build.0 = Debug|Any CPU
		{19E7420F-FAAC-4E94-B358-68E2C90B1AE2}.Release|Any CPU.ActiveCfg = Release|Any CPU
		{19E7420F-FAAC-4E94-B358-68E2C90B1AE2}.Release|Any CPU.Build.0 = Release|Any CPU
		{987FF019-AA54-4794-AE0E-1591070D0623}.Debug|Any CPU.ActiveCfg = Debug|Any CPU
		{987FF019-AA54-4794-AE0E-1591070D0623}.Debug|Any CPU.Build.0 = Debug|Any CPU
		{987FF019-AA54-4794-AE0E-1591070D0623}.Release|Any CPU.ActiveCfg = Release|Any CPU
		{987FF019-AA54-4794-AE0E-1591070D0623}.Release|Any CPU.Build.0 = Release|Any CPU
	EndGlobalSection
	GlobalSection(SolutionProperties) = preSolution
		HideSolutionNode = FALSE
	EndGlobalSection
	GlobalSection(NestedProjects) = preSolution
		{A07E5961-7524-40D1-9BBB-FE3A40F5132C} = {3CFDAEFF-0BFF-47B9-9D65-59523477DBAF}
		{38D40085-49F1-46FF-93FD-551625BD3245} = {A07E5961-7524-40D1-9BBB-FE3A40F5132C}
		{3407822F-AC4F-41A1-8D21-DADB17A1B75D} = {A07E5961-7524-40D1-9BBB-FE3A40F5132C}
		{1FE847B7-90F9-4A7D-A4D2-1D3E60154ED0} = {A07E5961-7524-40D1-9BBB-FE3A40F5132C}
		{B39DECCF-ECF8-4521-884C-0A03F527CB7C} = {A07E5961-7524-40D1-9BBB-FE3A40F5132C}
		{9130F03A-828C-454A-B72F-44F55869988B} = {3CFDAEFF-0BFF-47B9-9D65-59523477DBAF}
		{C7DCDA40-79CB-4D69-A705-675728D3C869} = {9130F03A-828C-454A-B72F-44F55869988B}
		{357F945C-AD48-4C45-9A4F-345A0CDA125B} = {9130F03A-828C-454A-B72F-44F55869988B}
		{89C870A2-BD43-48A5-9227-A71A1080FCC3} = {9130F03A-828C-454A-B72F-44F55869988B}
		{AB95285D-7EC2-4EDC-BCE5-C52D7A247B6B} = {9130F03A-828C-454A-B72F-44F55869988B}
		{9F1045AA-0A31-4884-B108-AB23ADE08E41} = {3CFDAEFF-0BFF-47B9-9D65-59523477DBAF}
		{D89F0B35-1D3C-4D07-A2D5-F7DD4CF5A467} = {9F1045AA-0A31-4884-B108-AB23ADE08E41}
		{2717FD24-0F1A-44CE-9041-F3EC2DAB0029} = {9F1045AA-0A31-4884-B108-AB23ADE08E41}
		{B9558D00-1147-4FC4-9A4A-920918DEA8F6} = {9F1045AA-0A31-4884-B108-AB23ADE08E41}
		{1E24734C-8CBD-4D15-B337-7008F85E1295} = {9F1045AA-0A31-4884-B108-AB23ADE08E41}
		{66BD9EE8-D41D-4D7D-9B0C-F9B41C367D8C} = {3CFDAEFF-0BFF-47B9-9D65-59523477DBAF}
		{4931E41C-4BDB-4468-A5E6-1B69CA8BE823} = {66BD9EE8-D41D-4D7D-9B0C-F9B41C367D8C}
		{8034D75B-3049-4426-8027-E3D54F32A262} = {66BD9EE8-D41D-4D7D-9B0C-F9B41C367D8C}
		{19E7420F-FAAC-4E94-B358-68E2C90B1AE2} = {66BD9EE8-D41D-4D7D-9B0C-F9B41C367D8C}
		{987FF019-AA54-4794-AE0E-1591070D0623} = {66BD9EE8-D41D-4D7D-9B0C-F9B41C367D8C}
	EndGlobalSection
EndGlobal
