
Microsoft Visual Studio Solution File, Format Version 12.00
# Visual Studio Version 17
VisualStudioVersion = 17.0.31903.59
MinimumVisualStudioVersion = 10.0.40219.1
Project("{2150E333-8FDC-42A3-9474-1A3956D46DE8}") = "Services", "Services", "{3CFDAEFF-0BFF-47B9-9D65-59523477DBAF}"
EndProject
Project("{2150E333-8FDC-42A3-9474-1A3956D46DE8}") = "Catalog", "Catalog", "{A07E5961-7524-40D1-9BBB-FE3A40F5132C}"
EndProject
Project("{FAE04EC0-301F-11D3-BF4B-00C04F79EFBC}") = "Catalog.API", "Services\Catalog\Catalog.API\Catalog.API.csproj", "{38D40085-49F1-46FF-93FD-551625BD3245}"
EndProject
Project("{FAE04EC0-301F-11D3-BF4B-00C04F79EFBC}") = "Catalog.Core", "Services\Catalog\Catalog.Core\Catalog.Core.csproj", "{3407822F-AC4F-41A1-8D21-DADB17A1B75D}"
EndProject
Project("{FAE04EC0-301F-11D3-BF4B-00C04F79EFBC}") = "Catalgo.Application", "Services\Catalog\Catalgo.Application\Catalgo.Application.csproj", "{1FE847B7-90F9-4A7D-A4D2-1D3E60154ED0}"
EndProject
Project("{FAE04EC0-301F-11D3-BF4B-00C04F79EFBC}") = "Catalog.Infrastructure", "Services\Catalog\Catalog.Infrastructure\Catalog.Infrastructure.csproj", "{B39DECCF-ECF8-4521-884C-0A03F527CB7C}"
EndProject
Global
	GlobalSection(SolutionConfigurationPlatforms) = preSolution
		Debug|Any CPU = Debug|Any CPU
		Release|Any CPU = Release|Any CPU
	EndGlobalSection
	GlobalSection(ProjectConfigurationPlatforms) = postSolution
		{38D40085-49F1-46FF-93FD-551625BD3245}.Debug|Any CPU.ActiveCfg = Debug|Any CPU
		{38D40085-49F1-46FF-93FD-551625BD3245}.Debug|Any CPU.Build.0 = Debug|Any CPU
		{38D40085-49F1-46FF-93FD-551625BD3245}.Release|Any CPU.ActiveCfg = Release|Any CPU
		{38D40085-49F1-46FF-93FD-551625BD3245}.Release|Any CPU.Build.0 = Release|Any CPU
		{3407822F-AC4F-41A1-8D21-DADB17A1B75D}.Debug|Any CPU.ActiveCfg = Debug|Any CPU
		{3407822F-AC4F-41A1-8D21-DADB17A1B75D}.Debug|Any CPU.Build.0 = Debug|Any CPU
		{3407822F-AC4F-41A1-8D21-DADB17A1B75D}.Release|Any CPU.ActiveCfg = Release|Any CPU
		{3407822F-AC4F-41A1-8D21-DADB17A1B75D}.Release|Any CPU.Build.0 = Release|Any CPU
		{1FE847B7-90F9-4A7D-A4D2-1D3E60154ED0}.Debug|Any CPU.ActiveCfg = Debug|Any CPU
		{1FE847B7-90F9-4A7D-A4D2-1D3E60154ED0}.Debug|Any CPU.Build.0 = Debug|Any CPU
		{1FE847B7-90F9-4A7D-A4D2-1D3E60154ED0}.Release|Any CPU.ActiveCfg = Release|Any CPU
		{1FE847B7-90F9-4A7D-A4D2-1D3E60154ED0}.Release|Any CPU.Build.0 = Release|Any CPU
		{B39DECCF-ECF8-4521-884C-0A03F527CB7C}.Debug|Any CPU.ActiveCfg = Debug|Any CPU
		{B39DECCF-ECF8-4521-884C-0A03F527CB7C}.Debug|Any CPU.Build.0 = Debug|Any CPU
		{B39DECCF-ECF8-4521-884C-0A03F527CB7C}.Release|Any CPU.ActiveCfg = Release|Any CPU
		{B39DECCF-ECF8-4521-884C-0A03F527CB7C}.Release|Any CPU.Build.0 = Release|Any CPU
	EndGlobalSection
	GlobalSection(SolutionProperties) = preSolution
		HideSolutionNode = FALSE
	EndGlobalSection
	GlobalSection(NestedProjects) = preSolution
		{A07E5961-7524-40D1-9BBB-FE3A40F5132C} = {3CFDAEFF-0BFF-47B9-9D65-59523477DBAF}
		{38D40085-49F1-46FF-93FD-551625BD3245} = {A07E5961-7524-40D1-9BBB-FE3A40F5132C}
		{3407822F-AC4F-41A1-8D21-DADB17A1B75D} = {A07E5961-7524-40D1-9BBB-FE3A40F5132C}
		{1FE847B7-90F9-4A7D-A4D2-1D3E60154ED0} = {A07E5961-7524-40D1-9BBB-FE3A40F5132C}
		{B39DECCF-ECF8-4521-884C-0A03F527CB7C} = {A07E5961-7524-40D1-9BBB-FE3A40F5132C}
	EndGlobalSection
EndGlobal
