
Microsoft Visual Studio Solution File, Format Version 12.00
# Visual Studio Version 17
VisualStudioVersion = 17.0.31903.59
MinimumVisualStudioVersion = 10.0.40219.1
Project("{2150E333-8FDC-42A3-9474-1A3956D46DE8}") = "Services", "Services", "{3CFDAEFF-0BFF-47B9-9D65-59523477DBAF}"
EndProject
Project("{2150E333-8FDC-42A3-9474-1A3956D46DE8}") = "Catalog", "Catalog", "{A07E5961-7524-40D1-9BBB-FE3A40F5132C}"
EndProject
Project("{FAE04EC0-301F-11D3-BF4B-00C04F79EFBC}") = "Catalog.API", "Services\Catalog\Catalog.API\Catalog.API.csproj", "{38D40085-49F1-46FF-93FD-551625BD3245}"
EndProject
Project("{FAE04EC0-301F-11D3-BF4B-00C04F79EFBC}") = "Catalog.Core", "Services\Catalog\Catalog.Core\Catalog.Core.csproj", "{3407822F-AC4F-41A1-8D21-DADB17A1B75D}"
EndProject
Project("{FAE04EC0-301F-11D3-BF4B-00C04F79EFBC}") = "Catalgo.Application", "Services\Catalog\Catalgo.Application\Catalgo.Application.csproj", "{1FE847B7-90F9-4A7D-A4D2-1D3E60154ED0}"
EndProject
Project("{FAE04EC0-301F-11D3-BF4B-00C04F79EFBC}") = "Catalog.Infrastructure", "Services\Catalog\Catalog.Infrastructure\Catalog.Infrastructure.csproj", "{B39DECCF-ECF8-4521-884C-0A03F527CB7C}"
EndProject
Project("{2150E333-8FDC-42A3-9474-1A3956D46DE8}") = "Basket", "Basket", "{9130F03A-828C-454A-B72F-44F55869988B}"
EndProject
Project("{FAE04EC0-301F-11D3-BF4B-00C04F79EFBC}") = "Basket.API", "Services\Basket\Basket.API\Basket.API.csproj", "{C7DCDA40-79CB-4D69-A705-675728D3C869}"
EndProject
Project("{FAE04EC0-301F-11D3-BF4B-00C04F79EFBC}") = "Basket.Core", "Services\Basket\Basket.Core\Basket.Core.csproj", "{357F945C-AD48-4C45-9A4F-345A0CDA125B}"
EndProject
Project("{FAE04EC0-301F-11D3-BF4B-00C04F79EFBC}") = "Basket.Application", "Services\Basket\Basket.Application\Basket.Application.csproj", "{89C870A2-BD43-48A5-9227-A71A1080FCC3}"
EndProject
Project("{FAE04EC0-301F-11D3-BF4B-00C04F79EFBC}") = "Basket.Infrastructure", "Services\Basket\Basket.Infrastructure\Basket.Infrastructure.csproj", "{AB95285D-7EC2-4EDC-BCE5-C52D7A247B6B}"
EndProject
Global
	GlobalSection(SolutionConfigurationPlatforms) = preSolution
		Debug|Any CPU = Debug|Any CPU
		Release|Any CPU = Release|Any CPU
	EndGlobalSection
	GlobalSection(ProjectConfigurationPlatforms) = postSolution
		{38D40085-49F1-46FF-93FD-551625BD3245}.Debug|Any CPU.ActiveCfg = Debug|Any CPU
		{38D40085-49F1-46FF-93FD-551625BD3245}.Debug|Any CPU.Build.0 = Debug|Any CPU
		{38D40085-49F1-46FF-93FD-551625BD3245}.Release|Any CPU.ActiveCfg = Release|Any CPU
		{38D40085-49F1-46FF-93FD-551625BD3245}.Release|Any CPU.Build.0 = Release|Any CPU
		{3407822F-AC4F-41A1-8D21-DADB17A1B75D}.Debug|Any CPU.ActiveCfg = Debug|Any CPU
		{3407822F-AC4F-41A1-8D21-DADB17A1B75D}.Debug|Any CPU.Build.0 = Debug|Any CPU
		{3407822F-AC4F-41A1-8D21-DADB17A1B75D}.Release|Any CPU.ActiveCfg = Release|Any CPU
		{3407822F-AC4F-41A1-8D21-DADB17A1B75D}.Release|Any CPU.Build.0 = Release|Any CPU
		{1FE847B7-90F9-4A7D-A4D2-1D3E60154ED0}.Debug|Any CPU.ActiveCfg = Debug|Any CPU
		{1FE847B7-90F9-4A7D-A4D2-1D3E60154ED0}.Debug|Any CPU.Build.0 = Debug|Any CPU
		{1FE847B7-90F9-4A7D-A4D2-1D3E60154ED0}.Release|Any CPU.ActiveCfg = Release|Any CPU
		{1FE847B7-90F9-4A7D-A4D2-1D3E60154ED0}.Release|Any CPU.Build.0 = Release|Any CPU
		{B39DECCF-ECF8-4521-884C-0A03F527CB7C}.Debug|Any CPU.ActiveCfg = Debug|Any CPU
		{B39DECCF-ECF8-4521-884C-0A03F527CB7C}.Debug|Any CPU.Build.0 = Debug|Any CPU
		{B39DECCF-ECF8-4521-884C-0A03F527CB7C}.Release|Any CPU.ActiveCfg = Release|Any CPU
		{B39DECCF-ECF8-4521-884C-0A03F527CB7C}.Release|Any CPU.Build.0 = Release|Any CPU
		{C7DCDA40-79CB-4D69-A705-675728D3C869}.Debug|Any CPU.ActiveCfg = Debug|Any CPU
		{C7DCDA40-79CB-4D69-A705-675728D3C869}.Debug|Any CPU.Build.0 = Debug|Any CPU
		{C7DCDA40-79CB-4D69-A705-675728D3C869}.Release|Any CPU.ActiveCfg = Release|Any CPU
		{C7DCDA40-79CB-4D69-A705-675728D3C869}.Release|Any CPU.Build.0 = Release|Any CPU
		{357F945C-AD48-4C45-9A4F-345A0CDA125B}.Debug|Any CPU.ActiveCfg = Debug|Any CPU
		{357F945C-AD48-4C45-9A4F-345A0CDA125B}.Debug|Any CPU.Build.0 = Debug|Any CPU
		{357F945C-AD48-4C45-9A4F-345A0CDA125B}.Release|Any CPU.ActiveCfg = Release|Any CPU
		{357F945C-AD48-4C45-9A4F-345A0CDA125B}.Release|Any CPU.Build.0 = Release|Any CPU
		{89C870A2-BD43-48A5-9227-A71A1080FCC3}.Debug|Any CPU.ActiveCfg = Debug|Any CPU
		{89C870A2-BD43-48A5-9227-A71A1080FCC3}.Debug|Any CPU.Build.0 = Debug|Any CPU
		{89C870A2-BD43-48A5-9227-A71A1080FCC3}.Release|Any CPU.ActiveCfg = Release|Any CPU
		{89C870A2-BD43-48A5-9227-A71A1080FCC3}.Release|Any CPU.Build.0 = Release|Any CPU
		{AB95285D-7EC2-4EDC-BCE5-C52D7A247B6B}.Debug|Any CPU.ActiveCfg = Debug|Any CPU
		{AB95285D-7EC2-4EDC-BCE5-C52D7A247B6B}.Debug|Any CPU.Build.0 = Debug|Any CPU
		{AB95285D-7EC2-4EDC-BCE5-C52D7A247B6B}.Release|Any CPU.ActiveCfg = Release|Any CPU
		{AB95285D-7EC2-4EDC-BCE5-C52D7A247B6B}.Release|Any CPU.Build.0 = Release|Any CPU
	EndGlobalSection
	GlobalSection(SolutionProperties) = preSolution
		HideSolutionNode = FALSE
	EndGlobalSection
	GlobalSection(NestedProjects) = preSolution
		{A07E5961-7524-40D1-9BBB-FE3A40F5132C} = {3CFDAEFF-0BFF-47B9-9D65-59523477DBAF}
		{38D40085-49F1-46FF-93FD-551625BD3245} = {A07E5961-7524-40D1-9BBB-FE3A40F5132C}
		{3407822F-AC4F-41A1-8D21-DADB17A1B75D} = {A07E5961-7524-40D1-9BBB-FE3A40F5132C}
		{1FE847B7-90F9-4A7D-A4D2-1D3E60154ED0} = {A07E5961-7524-40D1-9BBB-FE3A40F5132C}
		{B39DECCF-ECF8-4521-884C-0A03F527CB7C} = {A07E5961-7524-40D1-9BBB-FE3A40F5132C}
		{9130F03A-828C-454A-B72F-44F55869988B} = {3CFDAEFF-0BFF-47B9-9D65-59523477DBAF}
		{C7DCDA40-79CB-4D69-A705-675728D3C869} = {9130F03A-828C-454A-B72F-44F55869988B}
		{357F945C-AD48-4C45-9A4F-345A0CDA125B} = {9130F03A-828C-454A-B72F-44F55869988B}
		{89C870A2-BD43-48A5-9227-A71A1080FCC3} = {9130F03A-828C-454A-B72F-44F55869988B}
		{AB95285D-7EC2-4EDC-BCE5-C52D7A247B6B} = {9130F03A-828C-454A-B72F-44F55869988B}
	EndGlobalSection
EndGlobal
